
Microsoft Visual Studio Solution File, Format Version 12.00
# Visual Studio Version 17
VisualStudioVersion = 17.9.34622.214
MinimumVisualStudioVersion = 10.0.40219.1
Project("{FAE04EC0-301F-11D3-BF4B-00C04F79EFBC}") = "Share.Api", "Share.Api\Share.Api.csproj", "{647697A3-F744-40B2-AA75-6B4CDDBE0111}"
EndProject
Project("{FAE04EC0-301F-11D3-BF4B-00C04F79EFBC}") = "Shared.Common", "Shared.Command\Shared.Common.csproj", "{28F15DF1-04DB-49BC-B1AD-C9F47B999074}"
EndProject
Global
	GlobalSection(SolutionConfigurationPlatforms) = preSolution
		Debug|Any CPU = Debug|Any CPU
		Release|Any CPU = Release|Any CPU
	EndGlobalSection
	GlobalSection(ProjectConfigurationPlatforms) = postSolution
		{647697A3-F744-40B2-AA75-6B4CDDBE0111}.Debug|Any CPU.ActiveCfg = Debug|Any CPU
		{647697A3-F744-40B2-AA75-6B4CDDBE0111}.Debug|Any CPU.Build.0 = Debug|Any CPU
		{647697A3-F744-40B2-AA75-6B4CDDBE0111}.Release|Any CPU.ActiveCfg = Release|Any CPU
		{647697A3-F744-40B2-AA75-6B4CDDBE0111}.Release|Any CPU.Build.0 = Release|Any CPU
		{28F15DF1-04DB-49BC-B1AD-C9F47B999074}.Debug|Any CPU.ActiveCfg = Debug|Any CPU
		{28F15DF1-04DB-49BC-B1AD-C9F47B999074}.Debug|Any CPU.Build.0 = Debug|Any CPU
		{28F15DF1-04DB-49BC-B1AD-C9F47B999074}.Release|Any CPU.ActiveCfg = Release|Any CPU
		{28F15DF1-04DB-49BC-B1AD-C9F47B999074}.Release|Any CPU.Build.0 = Release|Any CPU
	EndGlobalSection
	GlobalSection(SolutionProperties) = preSolution
		HideSolutionNode = FALSE
	EndGlobalSection
	GlobalSection(ExtensibilityGlobals) = postSolution
		SolutionGuid = {9C4C0C64-783F-4B09-B123-AB3338D0E9E6}
	EndGlobalSection
EndGlobal
